
Microsoft Visual Studio Solution File, Format Version 12.00
# Visual Studio Version 16
VisualStudioVersion = 16.0.30114.105
MinimumVisualStudioVersion = 10.0.40219.1
Project("{FAE04EC0-301F-11D3-BF4B-00C04F79EFBC}") = "API", "API\API.csproj", "{5A669E5C-FC64-4AE4-B671-B1BB2F3478E2}"
EndProject
Project("{FAE04EC0-301F-11D3-BF4B-00C04F79EFBC}") = "Entity", "Entity\Entity.csproj", "{76F6542B-C3B1-4C42-8CB1-DA27A2E7E1CB}"
EndProject
Project("{FAE04EC0-301F-11D3-BF4B-00C04F79EFBC}") = "Infrastructure", "Infrastructure\Infrastructure.csproj", "{F8E29888-1190-4A33-9232-BC604256F232}"
EndProject
Global
	GlobalSection(SolutionConfigurationPlatforms) = preSolution
		Debug|Any CPU = Debug|Any CPU
		Debug|x64 = Debug|x64
		Debug|x86 = Debug|x86
		Release|Any CPU = Release|Any CPU
		Release|x64 = Release|x64
		Release|x86 = Release|x86
	EndGlobalSection
	GlobalSection(SolutionProperties) = preSolution
		HideSolutionNode = FALSE
	EndGlobalSection
	GlobalSection(ProjectConfigurationPlatforms) = postSolution
		{5A669E5C-FC64-4AE4-B671-B1BB2F3478E2}.Debug|Any CPU.ActiveCfg = Debug|Any CPU
		{5A669E5C-FC64-4AE4-B671-B1BB2F3478E2}.Debug|Any CPU.Build.0 = Debug|Any CPU
		{5A669E5C-FC64-4AE4-B671-B1BB2F3478E2}.Debug|x64.ActiveCfg = Debug|Any CPU
		{5A669E5C-FC64-4AE4-B671-B1BB2F3478E2}.Debug|x64.Build.0 = Debug|Any CPU
		{5A669E5C-FC64-4AE4-B671-B1BB2F3478E2}.Debug|x86.ActiveCfg = Debug|Any CPU
		{5A669E5C-FC64-4AE4-B671-B1BB2F3478E2}.Debug|x86.Build.0 = Debug|Any CPU
		{5A669E5C-FC64-4AE4-B671-B1BB2F3478E2}.Release|Any CPU.ActiveCfg = Release|Any CPU
		{5A669E5C-FC64-4AE4-B671-B1BB2F3478E2}.Release|Any CPU.Build.0 = Release|Any CPU
		{5A669E5C-FC64-4AE4-B671-B1BB2F3478E2}.Release|x64.ActiveCfg = Release|Any CPU
		{5A669E5C-FC64-4AE4-B671-B1BB2F3478E2}.Release|x64.Build.0 = Release|Any CPU
		{5A669E5C-FC64-4AE4-B671-B1BB2F3478E2}.Release|x86.ActiveCfg = Release|Any CPU
		{5A669E5C-FC64-4AE4-B671-B1BB2F3478E2}.Release|x86.Build.0 = Release|Any CPU
		{76F6542B-C3B1-4C42-8CB1-DA27A2E7E1CB}.Debug|Any CPU.ActiveCfg = Debug|Any CPU
		{76F6542B-C3B1-4C42-8CB1-DA27A2E7E1CB}.Debug|Any CPU.Build.0 = Debug|Any CPU
		{76F6542B-C3B1-4C42-8CB1-DA27A2E7E1CB}.Debug|x64.ActiveCfg = Debug|Any CPU
		{76F6542B-C3B1-4C42-8CB1-DA27A2E7E1CB}.Debug|x64.Build.0 = Debug|Any CPU
		{76F6542B-C3B1-4C42-8CB1-DA27A2E7E1CB}.Debug|x86.ActiveCfg = Debug|Any CPU
		{76F6542B-C3B1-4C42-8CB1-DA27A2E7E1CB}.Debug|x86.Build.0 = Debug|Any CPU
		{76F6542B-C3B1-4C42-8CB1-DA27A2E7E1CB}.Release|Any CPU.ActiveCfg = Release|Any CPU
		{76F6542B-C3B1-4C42-8CB1-DA27A2E7E1CB}.Release|Any CPU.Build.0 = Release|Any CPU
		{76F6542B-C3B1-4C42-8CB1-DA27A2E7E1CB}.Release|x64.ActiveCfg = Release|Any CPU
		{76F6542B-C3B1-4C42-8CB1-DA27A2E7E1CB}.Release|x64.Build.0 = Release|Any CPU
		{76F6542B-C3B1-4C42-8CB1-DA27A2E7E1CB}.Release|x86.ActiveCfg = Release|Any CPU
		{76F6542B-C3B1-4C42-8CB1-DA27A2E7E1CB}.Release|x86.Build.0 = Release|Any CPU
		{F8E29888-1190-4A33-9232-BC604256F232}.Debug|Any CPU.ActiveCfg = Debug|Any CPU
		{F8E29888-1190-4A33-9232-BC604256F232}.Debug|Any CPU.Build.0 = Debug|Any CPU
		{F8E29888-1190-4A33-9232-BC604256F232}.Debug|x64.ActiveCfg = Debug|Any CPU
		{F8E29888-1190-4A33-9232-BC604256F232}.Debug|x64.Build.0 = Debug|Any CPU
		{F8E29888-1190-4A33-9232-BC604256F232}.Debug|x86.ActiveCfg = Debug|Any CPU
		{F8E29888-1190-4A33-9232-BC604256F232}.Debug|x86.Build.0 = Debug|Any CPU
		{F8E29888-1190-4A33-9232-BC604256F232}.Release|Any CPU.ActiveCfg = Release|Any CPU
		{F8E29888-1190-4A33-9232-BC604256F232}.Release|Any CPU.Build.0 = Release|Any CPU
		{F8E29888-1190-4A33-9232-BC604256F232}.Release|x64.ActiveCfg = Release|Any CPU
		{F8E29888-1190-4A33-9232-BC604256F232}.Release|x64.Build.0 = Release|Any CPU
		{F8E29888-1190-4A33-9232-BC604256F232}.Release|x86.ActiveCfg = Release|Any CPU
		{F8E29888-1190-4A33-9232-BC604256F232}.Release|x86.Build.0 = Release|Any CPU
	EndGlobalSection
EndGlobal
